<?xml version="1.0" encoding="utf-8"?>
<Project ToolsVersion="4.0" xmlns="http://schemas.microsoft.com/developer/msbuild/2003">
  <ItemGroup>
    <ClCompile Include="Source\audio.cpp" />
    <ClCompile Include="Source\CBall.cpp" />
    <ClCompile Include="Source\CBouncingBall.cpp" />
    <ClCompile Include="Source\CEraser.cpp" />
    <ClCompile Include="Source\game.cpp" />
    <ClCompile Include="Source\gameDoc.cpp" />
    <ClCompile Include="Source\gameView.cpp" />
    <ClCompile Include="Source\MainFrm.cpp" />
    <ClCompile Include="Source\StdAfx.cpp" />
    <ClCompile Include="Source\gamelib.cpp" />
    <ClCompile Include="Source\mygame.cpp" />
  </ItemGroup>
  <ItemGroup>
    <ClInclude Include="Source\audio.h" />
    <ClInclude Include="Source\CBall.h" />
    <ClInclude Include="Source\CBouncingBall.h" />
    <ClInclude Include="Source\CEraser.h" />
    <ClInclude Include="Source\game.h" />
    <ClInclude Include="Source\gameDoc.h" />
    <ClInclude Include="Source\gameView.h" />
    <ClInclude Include="Source\MainFrm.h" />
    <ClInclude Include="Source\Resource.h" />
    <ClInclude Include="Source\StdAfx.h" />
    <ClInclude Include="Source\gamelib.h" />
    <ClInclude Include="Source\mygame.h" />
  </ItemGroup>
  <ItemGroup>
    <ResourceCompile Include="Source\game.rc" />
  </ItemGroup>
  <ItemGroup>
    <Image Include="Bitmaps\board.bmp" />
    <Image Include="Bitmaps\question.bmp" />
    <Image Include="RES\004.bmp" />
    <Image Include="RES\14659816816162443.bmp" />
    <Image Include="RES\biginmap.bmp" />
    <Image Include="res\bitmap3.bmp" />
    <Image Include="res\bitmap4.bmp" />
    <Image Include="res\bitmap6.bmp" />
    <Image Include="RES\five.bmp" />
    <Image Include="RES\four.bmp" />
    <Image Include="RES\husky.bmp" />
    <Image Include="RES\one.bmp" />
    <Image Include="RES\six.bmp" />
    <Image Include="RES\three.bmp" />
    <Image Include="RES\two.bmp" />
    <Image Include="素材\husky.bmp" />
    <Image Include="Bitmaps\choice.bmp" />
    <Image Include="Bitmaps\bad dog.bmp" />
    <Image Include="Bitmaps\flea.bmp" />
    <Image Include="Bitmaps\run1.bmp" />
    <Image Include="Bitmaps\run2.bmp" />
    <Image Include="Bitmaps\start.bmp" />
    <Image Include="Bitmaps\helpback.bmp" />
    <Image Include="Bitmaps\belong1.bmp" />
    <Image Include="Bitmaps\belong2.bmp" />
    <Image Include="Bitmaps\passpay.bmp" />
    <Image Include="Bitmaps\fire.bmp" />
    <Image Include="Bitmaps\hotdog.bmp" />
    <Image Include="Bitmaps\House.bmp" />
    <Image Include="Bitmaps\good dog.bmp" />
    <Image Include="Bitmaps\vet.bmp" />
    <Image Include="Bitmaps\shejiyeicon5i5ucnufb0v.bmp" />
    <Image Include="Bitmaps\helpback1.bmp" />
    <Image Include="Bitmaps\helpback2.bmp" />
    <Image Include="Bitmaps\helpback3.bmp" />
    <Image Include="Bitmaps\SmallMap.bmp" />
    <Image Include="Bitmaps\SmallP1.bmp" />
    <Image Include="Bitmaps\SmallP2.bmp" />
    <Image Include="Bitmaps\huskyhead.bmp" />
    <Image Include="Bitmaps\shibahead.bmp" />
    <Image Include="Bitmaps\gameover_ui.bmp" />
    <Image Include="Bitmaps\over.bmp" />
    <Image Include="Bitmaps\building.bmp" />
    <Image Include="Bitmaps\1001CF_k%402x.png" />
    <Image Include="Bitmaps\C1.bmp" />
    <Image Include="Bitmaps\C2.bmp" />
    <Image Include="Bitmaps\C3.bmp" />
    <Image Include="Bitmaps\C4.bmp" />
    <Image Include="Bitmaps\11.bmp" />
    <Image Include="Bitmaps\12.bmp" />
    <Image Include="Bitmaps\13.bmp" />
    <Image Include="Bitmaps\14.bmp" />
    <Image Include="Bitmaps\15.bmp" />
    <Image Include="Bitmaps\16.bmp" />
    <Image Include="Bitmaps\17.bmp" />
    <Image Include="Bitmaps\18.bmp" />
    <Image Include="Bitmaps\19.bmp" />
    <Image Include="Bitmaps\20.bmp" />
    <Image Include="Bitmaps\21.bmp" />
    <Image Include="Bitmaps\22.bmp" />
    <Image Include="Bitmaps\23.bmp" />
    <Image Include="Bitmaps\24.bmp" />
    <Image Include="Bitmaps\C5.bmp" />
    <Image Include="Bitmaps\C6.bmp" />
    <Image Include="Bitmaps\C7.bmp" />
    <Image Include="Bitmaps\C8.bmp" />
    <Image Include="Bitmaps\C9.bmp" />
    <Image Include="Bitmaps\C10.bmp" />
    <Image Include="Bitmaps\C11.bmp" />
    <Image Include="Bitmaps\house1.png" />
    <Image Include="Bitmaps\house2.png" />
    <Image Include="Bitmaps\house3.png" />
    <Image Include="Bitmaps\house1.bmp" />
    <Image Include="Bitmaps\house2.bmp" />
    <Image Include="Bitmaps\house3.bmp" />
    <Image Include="Bitmaps\smallhuskyhead.bmp" />
    <Image Include="Bitmaps\smallshibahead.bmp" />
    <Image Include="Bitmaps\smallhouse1.bmp" />
    <Image Include="Bitmaps\smallhouse2.bmp" />
    <Image Include="Bitmaps\smallhouse3.bmp" />
  </ItemGroup>
  <ItemGroup>
    <None Include="Res\ball.bmp" />
    <None Include="RES\bmp0.bmp" />
    <None Include="RES\bmp1.bmp" />
    <None Include="RES\bmp10.bmp" />
    <None Include="RES\bmp2.bmp" />
    <None Include="RES\bmp3.bmp" />
    <None Include="RES\bmp4.bmp" />
    <None Include="RES\bmp5.bmp" />
    <None Include="RES\bmp6.bmp" />
    <None Include="RES\bmp7.bmp" />
    <None Include="RES\bmp8.bmp" />
    <None Include="RES\bmp9.bmp" />
    <None Include="RES\center.bmp" />
    <None Include="RES\continue.bmp" />
    <None Include="Res\corner.bmp" />
    <None Include="RES\eraser1.bmp" />
    <None Include="RES\eraser2.bmp" />
    <None Include="RES\eraser3.bmp" />
    <None Include="res\game.ico" />
    <None Include="res\game.rc2" />
    <None Include="RES\gamecurs.cur" />
    <None Include="res\gameDoc.ico" />
    <None Include="RES\help.bmp" />
    <None Include="RES\loading.bmp" />
    <None Include="RES\ntutcsie.bmp" />
    <None Include="res\Toolbar.bmp" />
    <None Include="Source\animation" />
  </ItemGroup>
</Project>